// !$*UTF8*$!
{
	archiveVersion = 1;
	classes = {
	};
	objectVersion = 56;
	objects = {

/* Begin PBXBuildFile section */
		3A230EBC2ABF82D80072FFA0 /* BanorteAppApp.swift in Sources */ = {isa = PBXBuildFile; fileRef = 3A230EBB2ABF82D80072FFA0 /* BanorteAppApp.swift */; };
		3A230EBE2ABF82D80072FFA0 /* ContentView.swift in Sources */ = {isa = PBXBuildFile; fileRef = 3A230EBD2ABF82D80072FFA0 /* ContentView.swift */; };
		3A230EC02ABF82D90072FFA0 /* Assets.xcassets in Resources */ = {isa = PBXBuildFile; fileRef = 3A230EBF2ABF82D90072FFA0 /* Assets.xcassets */; };
		3A230EC42ABF82D90072FFA0 /* Preview Assets.xcassets in Resources */ = {isa = PBXBuildFile; fileRef = 3A230EC32ABF82D90072FFA0 /* Preview Assets.xcassets */; };
		3A230ECE2ABF82D90072FFA0 /* BanorteAppTests.swift in Sources */ = {isa = PBXBuildFile; fileRef = 3A230ECD2ABF82D90072FFA0 /* BanorteAppTests.swift */; };
		3A230ED82ABF82D90072FFA0 /* BanorteAppUITests.swift in Sources */ = {isa = PBXBuildFile; fileRef = 3A230ED72ABF82D90072FFA0 /* BanorteAppUITests.swift */; };
		3A230EDA2ABF82D90072FFA0 /* BanorteAppUITestsLaunchTests.swift in Sources */ = {isa = PBXBuildFile; fileRef = 3A230ED92ABF82D90072FFA0 /* BanorteAppUITestsLaunchTests.swift */; };
		3A230EE72ABFB95B0072FFA0 /* WelcomeView.swift in Sources */ = {isa = PBXBuildFile; fileRef = 3A230EE62ABFB95B0072FFA0 /* WelcomeView.swift */; };
		3A230EE92ABFF0A30072FFA0 /* FondoDetailsView.swift in Sources */ = {isa = PBXBuildFile; fileRef = 3A230EE82ABFF0A30072FFA0 /* FondoDetailsView.swift */; };
		3A230EEB2AC014A20072FFA0 /* NTEDIG.pdf in Resources */ = {isa = PBXBuildFile; fileRef = 3A230EEA2AC014A20072FFA0 /* NTEDIG.pdf */; };
		3A230EED2AC015380072FFA0 /* ShowPDFView.swift in Sources */ = {isa = PBXBuildFile; fileRef = 3A230EEC2AC015380072FFA0 /* ShowPDFView.swift */; };
		3A230EEF2AC03D350072FFA0 /* FondoModel.swift in Sources */ = {isa = PBXBuildFile; fileRef = 3A230EEE2AC03D350072FFA0 /* FondoModel.swift */; };
		3A230EF32AC04C7D0072FFA0 /* GastosDetailView.swift in Sources */ = {isa = PBXBuildFile; fileRef = 3A230EF22AC04C7D0072FFA0 /* GastosDetailView.swift */; };
		3A230EF52AC067EE0072FFA0 /* MainView.swift in Sources */ = {isa = PBXBuildFile; fileRef = 3A230EF42AC067EE0072FFA0 /* MainView.swift */; };
		3A230EF72AC068B40072FFA0 /* ChatView.swift in Sources */ = {isa = PBXBuildFile; fileRef = 3A230EF62AC068B40072FFA0 /* ChatView.swift */; };
		3A230EF92AC06AAC0072FFA0 /* BotResponse.swift in Sources */ = {isa = PBXBuildFile; fileRef = 3A230EF82AC06AAC0072FFA0 /* BotResponse.swift */; };
		3A230EFB2AC09F020072FFA0 /* FondoSummaryView.swift in Sources */ = {isa = PBXBuildFile; fileRef = 3A230EFA2AC09F020072FFA0 /* FondoSummaryView.swift */; };
		3A230EFD2AC0AAD40072FFA0 /* CETE.pdf in Resources */ = {isa = PBXBuildFile; fileRef = 3A230EFC2AC0AAD30072FFA0 /* CETE.pdf */; };
/* End PBXBuildFile section */

/* Begin PBXContainerItemProxy section */
		3A230ECA2ABF82D90072FFA0 /* PBXContainerItemProxy */ = {
			isa = PBXContainerItemProxy;
			containerPortal = 3A230EB02ABF82D80072FFA0 /* Project object */;
			proxyType = 1;
			remoteGlobalIDString = 3A230EB72ABF82D80072FFA0;
			remoteInfo = BanorteApp;
		};
		3A230ED42ABF82D90072FFA0 /* PBXContainerItemProxy */ = {
			isa = PBXContainerItemProxy;
			containerPortal = 3A230EB02ABF82D80072FFA0 /* Project object */;
			proxyType = 1;
			remoteGlobalIDString = 3A230EB72ABF82D80072FFA0;
			remoteInfo = BanorteApp;
		};
/* End PBXContainerItemProxy section */

/* Begin PBXFileReference section */
		3A230EB82ABF82D80072FFA0 /* BanorteApp.app */ = {isa = PBXFileReference; explicitFileType = wrapper.application; includeInIndex = 0; path = BanorteApp.app; sourceTree = BUILT_PRODUCTS_DIR; };
		3A230EBB2ABF82D80072FFA0 /* BanorteAppApp.swift */ = {isa = PBXFileReference; lastKnownFileType = sourcecode.swift; path = BanorteAppApp.swift; sourceTree = "<group>"; };
		3A230EBD2ABF82D80072FFA0 /* ContentView.swift */ = {isa = PBXFileReference; lastKnownFileType = sourcecode.swift; path = ContentView.swift; sourceTree = "<group>"; };
		3A230EBF2ABF82D90072FFA0 /* Assets.xcassets */ = {isa = PBXFileReference; lastKnownFileType = folder.assetcatalog; path = Assets.xcassets; sourceTree = "<group>"; };
		3A230EC12ABF82D90072FFA0 /* BanorteApp.entitlements */ = {isa = PBXFileReference; lastKnownFileType = text.plist.entitlements; path = BanorteApp.entitlements; sourceTree = "<group>"; };
		3A230EC32ABF82D90072FFA0 /* Preview Assets.xcassets */ = {isa = PBXFileReference; lastKnownFileType = folder.assetcatalog; path = "Preview Assets.xcassets"; sourceTree = "<group>"; };
		3A230EC92ABF82D90072FFA0 /* BanorteAppTests.xctest */ = {isa = PBXFileReference; explicitFileType = wrapper.cfbundle; includeInIndex = 0; path = BanorteAppTests.xctest; sourceTree = BUILT_PRODUCTS_DIR; };
		3A230ECD2ABF82D90072FFA0 /* BanorteAppTests.swift */ = {isa = PBXFileReference; lastKnownFileType = sourcecode.swift; path = BanorteAppTests.swift; sourceTree = "<group>"; };
		3A230ED32ABF82D90072FFA0 /* BanorteAppUITests.xctest */ = {isa = PBXFileReference; explicitFileType = wrapper.cfbundle; includeInIndex = 0; path = BanorteAppUITests.xctest; sourceTree = BUILT_PRODUCTS_DIR; };
		3A230ED72ABF82D90072FFA0 /* BanorteAppUITests.swift */ = {isa = PBXFileReference; lastKnownFileType = sourcecode.swift; path = BanorteAppUITests.swift; sourceTree = "<group>"; };
		3A230ED92ABF82D90072FFA0 /* BanorteAppUITestsLaunchTests.swift */ = {isa = PBXFileReference; lastKnownFileType = sourcecode.swift; path = BanorteAppUITestsLaunchTests.swift; sourceTree = "<group>"; };
		3A230EE62ABFB95B0072FFA0 /* WelcomeView.swift */ = {isa = PBXFileReference; lastKnownFileType = sourcecode.swift; path = WelcomeView.swift; sourceTree = "<group>"; };
		3A230EE82ABFF0A30072FFA0 /* FondoDetailsView.swift */ = {isa = PBXFileReference; lastKnownFileType = sourcecode.swift; path = FondoDetailsView.swift; sourceTree = "<group>"; };
		3A230EEA2AC014A20072FFA0 /* NTEDIG.pdf */ = {isa = PBXFileReference; lastKnownFileType = image.pdf; path = NTEDIG.pdf; sourceTree = "<group>"; };
		3A230EEC2AC015380072FFA0 /* ShowPDFView.swift */ = {isa = PBXFileReference; lastKnownFileType = sourcecode.swift; path = ShowPDFView.swift; sourceTree = "<group>"; };
		3A230EEE2AC03D350072FFA0 /* FondoModel.swift */ = {isa = PBXFileReference; lastKnownFileType = sourcecode.swift; path = FondoModel.swift; sourceTree = "<group>"; };
		3A230EF22AC04C7D0072FFA0 /* GastosDetailView.swift */ = {isa = PBXFileReference; lastKnownFileType = sourcecode.swift; path = GastosDetailView.swift; sourceTree = "<group>"; };
		3A230EF42AC067EE0072FFA0 /* MainView.swift */ = {isa = PBXFileReference; lastKnownFileType = sourcecode.swift; path = MainView.swift; sourceTree = "<group>"; };
		3A230EF62AC068B40072FFA0 /* ChatView.swift */ = {isa = PBXFileReference; lastKnownFileType = sourcecode.swift; path = ChatView.swift; sourceTree = "<group>"; };
		3A230EF82AC06AAC0072FFA0 /* BotResponse.swift */ = {isa = PBXFileReference; lastKnownFileType = sourcecode.swift; path = BotResponse.swift; sourceTree = "<group>"; };
		3A230EFA2AC09F020072FFA0 /* FondoSummaryView.swift */ = {isa = PBXFileReference; lastKnownFileType = sourcecode.swift; path = FondoSummaryView.swift; sourceTree = "<group>"; };
		3A230EFC2AC0AAD30072FFA0 /* CETE.pdf */ = {isa = PBXFileReference; lastKnownFileType = image.pdf; path = CETE.pdf; sourceTree = "<group>"; };
/* End PBXFileReference section */

/* Begin PBXFrameworksBuildPhase section */
		3A230EB52ABF82D80072FFA0 /* Frameworks */ = {
			isa = PBXFrameworksBuildPhase;
			buildActionMask = 2147483647;
			files = (
			);
			runOnlyForDeploymentPostprocessing = 0;
		};
		3A230EC62ABF82D90072FFA0 /* Frameworks */ = {
			isa = PBXFrameworksBuildPhase;
			buildActionMask = 2147483647;
			files = (
			);
			runOnlyForDeploymentPostprocessing = 0;
		};
		3A230ED02ABF82D90072FFA0 /* Frameworks */ = {
			isa = PBXFrameworksBuildPhase;
			buildActionMask = 2147483647;
			files = (
			);
			runOnlyForDeploymentPostprocessing = 0;
		};
/* End PBXFrameworksBuildPhase section */

/* Begin PBXGroup section */
		3A230EAF2ABF82D80072FFA0 = {
			isa = PBXGroup;
			children = (
				3A230EBA2ABF82D80072FFA0 /* BanorteApp */,
				3A230ECC2ABF82D90072FFA0 /* BanorteAppTests */,
				3A230ED62ABF82D90072FFA0 /* BanorteAppUITests */,
				3A230EB92ABF82D80072FFA0 /* Products */,
			);
			sourceTree = "<group>";
		};
		3A230EB92ABF82D80072FFA0 /* Products */ = {
			isa = PBXGroup;
			children = (
				3A230EB82ABF82D80072FFA0 /* BanorteApp.app */,
				3A230EC92ABF82D90072FFA0 /* BanorteAppTests.xctest */,
				3A230ED32ABF82D90072FFA0 /* BanorteAppUITests.xctest */,
			);
			name = Products;
			sourceTree = "<group>";
		};
		3A230EBA2ABF82D80072FFA0 /* BanorteApp */ = {
			isa = PBXGroup;
			children = (
				3A230EFC2AC0AAD30072FFA0 /* CETE.pdf */,
				3A230EEA2AC014A20072FFA0 /* NTEDIG.pdf */,
				3A230EBB2ABF82D80072FFA0 /* BanorteAppApp.swift */,
				3A230EEE2AC03D350072FFA0 /* FondoModel.swift */,
				3A230EBD2ABF82D80072FFA0 /* ContentView.swift */,
				3A230EBF2ABF82D90072FFA0 /* Assets.xcassets */,
				3A230EC12ABF82D90072FFA0 /* BanorteApp.entitlements */,
				3A230EC22ABF82D90072FFA0 /* Preview Content */,
				3A230EE62ABFB95B0072FFA0 /* WelcomeView.swift */,
				3A230EE82ABFF0A30072FFA0 /* FondoDetailsView.swift */,
				3A230EEC2AC015380072FFA0 /* ShowPDFView.swift */,
				3A230EF22AC04C7D0072FFA0 /* GastosDetailView.swift */,
				3A230EF42AC067EE0072FFA0 /* MainView.swift */,
				3A230EF62AC068B40072FFA0 /* ChatView.swift */,
				3A230EF82AC06AAC0072FFA0 /* BotResponse.swift */,
				3A230EFA2AC09F020072FFA0 /* FondoSummaryView.swift */,
			);
			path = BanorteApp;
			sourceTree = "<group>";
		};
		3A230EC22ABF82D90072FFA0 /* Preview Content */ = {
			isa = PBXGroup;
			children = (
				3A230EC32ABF82D90072FFA0 /* Preview Assets.xcassets */,
			);
			path = "Preview Content";
			sourceTree = "<group>";
		};
		3A230ECC2ABF82D90072FFA0 /* BanorteAppTests */ = {
			isa = PBXGroup;
			children = (
				3A230ECD2ABF82D90072FFA0 /* BanorteAppTests.swift */,
			);
			path = BanorteAppTests;
			sourceTree = "<group>";
		};
		3A230ED62ABF82D90072FFA0 /* BanorteAppUITests */ = {
			isa = PBXGroup;
			children = (
				3A230ED72ABF82D90072FFA0 /* BanorteAppUITests.swift */,
				3A230ED92ABF82D90072FFA0 /* BanorteAppUITestsLaunchTests.swift */,
			);
			path = BanorteAppUITests;
			sourceTree = "<group>";
		};
/* End PBXGroup section */

/* Begin PBXNativeTarget section */
		3A230EB72ABF82D80072FFA0 /* BanorteApp */ = {
			isa = PBXNativeTarget;
			buildConfigurationList = 3A230EDD2ABF82D90072FFA0 /* Build configuration list for PBXNativeTarget "BanorteApp" */;
			buildPhases = (
				3A230EB42ABF82D80072FFA0 /* Sources */,
				3A230EB52ABF82D80072FFA0 /* Frameworks */,
				3A230EB62ABF82D80072FFA0 /* Resources */,
			);
			buildRules = (
			);
			dependencies = (
			);
			name = BanorteApp;
			productName = BanorteApp;
			productReference = 3A230EB82ABF82D80072FFA0 /* BanorteApp.app */;
			productType = "com.apple.product-type.application";
		};
		3A230EC82ABF82D90072FFA0 /* BanorteAppTests */ = {
			isa = PBXNativeTarget;
			buildConfigurationList = 3A230EE02ABF82D90072FFA0 /* Build configuration list for PBXNativeTarget "BanorteAppTests" */;
			buildPhases = (
				3A230EC52ABF82D90072FFA0 /* Sources */,
				3A230EC62ABF82D90072FFA0 /* Frameworks */,
				3A230EC72ABF82D90072FFA0 /* Resources */,
			);
			buildRules = (
			);
			dependencies = (
				3A230ECB2ABF82D90072FFA0 /* PBXTargetDependency */,
			);
			name = BanorteAppTests;
			productName = BanorteAppTests;
			productReference = 3A230EC92ABF82D90072FFA0 /* BanorteAppTests.xctest */;
			productType = "com.apple.product-type.bundle.unit-test";
		};
		3A230ED22ABF82D90072FFA0 /* BanorteAppUITests */ = {
			isa = PBXNativeTarget;
			buildConfigurationList = 3A230EE32ABF82D90072FFA0 /* Build configuration list for PBXNativeTarget "BanorteAppUITests" */;
			buildPhases = (
				3A230ECF2ABF82D90072FFA0 /* Sources */,
				3A230ED02ABF82D90072FFA0 /* Frameworks */,
				3A230ED12ABF82D90072FFA0 /* Resources */,
			);
			buildRules = (
			);
			dependencies = (
				3A230ED52ABF82D90072FFA0 /* PBXTargetDependency */,
			);
			name = BanorteAppUITests;
			productName = BanorteAppUITests;
			productReference = 3A230ED32ABF82D90072FFA0 /* BanorteAppUITests.xctest */;
			productType = "com.apple.product-type.bundle.ui-testing";
		};
/* End PBXNativeTarget section */

/* Begin PBXProject section */
		3A230EB02ABF82D80072FFA0 /* Project object */ = {
			isa = PBXProject;
			attributes = {
				BuildIndependentTargetsInParallel = 1;
				LastSwiftUpdateCheck = 1430;
				LastUpgradeCheck = 1430;
				TargetAttributes = {
					3A230EB72ABF82D80072FFA0 = {
						CreatedOnToolsVersion = 14.3.1;
					};
					3A230EC82ABF82D90072FFA0 = {
						CreatedOnToolsVersion = 14.3.1;
						TestTargetID = 3A230EB72ABF82D80072FFA0;
					};
					3A230ED22ABF82D90072FFA0 = {
						CreatedOnToolsVersion = 14.3.1;
						TestTargetID = 3A230EB72ABF82D80072FFA0;
					};
				};
			};
			buildConfigurationList = 3A230EB32ABF82D80072FFA0 /* Build configuration list for PBXProject "BanorteApp" */;
			compatibilityVersion = "Xcode 14.0";
			developmentRegion = en;
			hasScannedForEncodings = 0;
			knownRegions = (
				en,
				Base,
			);
			mainGroup = 3A230EAF2ABF82D80072FFA0;
			productRefGroup = 3A230EB92ABF82D80072FFA0 /* Products */;
			projectDirPath = "";
			projectRoot = "";
			targets = (
				3A230EB72ABF82D80072FFA0 /* BanorteApp */,
				3A230EC82ABF82D90072FFA0 /* BanorteAppTests */,
				3A230ED22ABF82D90072FFA0 /* BanorteAppUITests */,
			);
		};
/* End PBXProject section */

/* Begin PBXResourcesBuildPhase section */
		3A230EB62ABF82D80072FFA0 /* Resources */ = {
			isa = PBXResourcesBuildPhase;
			buildActionMask = 2147483647;
			files = (
				3A230EC42ABF82D90072FFA0 /* Preview Assets.xcassets in Resources */,
				3A230EFD2AC0AAD40072FFA0 /* CETE.pdf in Resources */,
				3A230EC02ABF82D90072FFA0 /* Assets.xcassets in Resources */,
				3A230EEB2AC014A20072FFA0 /* NTEDIG.pdf in Resources */,
			);
			runOnlyForDeploymentPostprocessing = 0;
		};
		3A230EC72ABF82D90072FFA0 /* Resources */ = {
			isa = PBXResourcesBuildPhase;
			buildActionMask = 2147483647;
			files = (
			);
			runOnlyForDeploymentPostprocessing = 0;
		};
		3A230ED12ABF82D90072FFA0 /* Resources */ = {
			isa = PBXResourcesBuildPhase;
			buildActionMask = 2147483647;
			files = (
			);
			runOnlyForDeploymentPostprocessing = 0;
		};
/* End PBXResourcesBuildPhase section */

/* Begin PBXSourcesBuildPhase section */
		3A230EB42ABF82D80072FFA0 /* Sources */ = {
			isa = PBXSourcesBuildPhase;
			buildActionMask = 2147483647;
			files = (
				3A230EFB2AC09F020072FFA0 /* FondoSummaryView.swift in Sources */,
				3A230EF92AC06AAC0072FFA0 /* BotResponse.swift in Sources */,
				3A230EEF2AC03D350072FFA0 /* FondoModel.swift in Sources */,
				3A230EF52AC067EE0072FFA0 /* MainView.swift in Sources */,
				3A230EE92ABFF0A30072FFA0 /* FondoDetailsView.swift in Sources */,
				3A230EBE2ABF82D80072FFA0 /* ContentView.swift in Sources */,
				3A230EF72AC068B40072FFA0 /* ChatView.swift in Sources */,
				3A230EE72ABFB95B0072FFA0 /* WelcomeView.swift in Sources */,
				3A230EED2AC015380072FFA0 /* ShowPDFView.swift in Sources */,
				3A230EF32AC04C7D0072FFA0 /* GastosDetailView.swift in Sources */,
				3A230EBC2ABF82D80072FFA0 /* BanorteAppApp.swift in Sources */,
			);
			runOnlyForDeploymentPostprocessing = 0;
		};
		3A230EC52ABF82D90072FFA0 /* Sources */ = {
			isa = PBXSourcesBuildPhase;
			buildActionMask = 2147483647;
			files = (
				3A230ECE2ABF82D90072FFA0 /* BanorteAppTests.swift in Sources */,
			);
			runOnlyForDeploymentPostprocessing = 0;
		};
		3A230ECF2ABF82D90072FFA0 /* Sources */ = {
			isa = PBXSourcesBuildPhase;
			buildActionMask = 2147483647;
			files = (
				3A230EDA2ABF82D90072FFA0 /* BanorteAppUITestsLaunchTests.swift in Sources */,
				3A230ED82ABF82D90072FFA0 /* BanorteAppUITests.swift in Sources */,
			);
			runOnlyForDeploymentPostprocessing = 0;
		};
/* End PBXSourcesBuildPhase section */

/* Begin PBXTargetDependency section */
		3A230ECB2ABF82D90072FFA0 /* PBXTargetDependency */ = {
			isa = PBXTargetDependency;
			target = 3A230EB72ABF82D80072FFA0 /* BanorteApp */;
			targetProxy = 3A230ECA2ABF82D90072FFA0 /* PBXContainerItemProxy */;
		};
		3A230ED52ABF82D90072FFA0 /* PBXTargetDependency */ = {
			isa = PBXTargetDependency;
			target = 3A230EB72ABF82D80072FFA0 /* BanorteApp */;
			targetProxy = 3A230ED42ABF82D90072FFA0 /* PBXContainerItemProxy */;
		};
/* End PBXTargetDependency section */

/* Begin XCBuildConfiguration section */
		3A230EDB2ABF82D90072FFA0 /* Debug */ = {
			isa = XCBuildConfiguration;
			buildSettings = {
				ALWAYS_SEARCH_USER_PATHS = NO;
				CLANG_ANALYZER_NONNULL = YES;
				CLANG_ANALYZER_NUMBER_OBJECT_CONVERSION = YES_AGGRESSIVE;
				CLANG_CXX_LANGUAGE_STANDARD = "gnu++20";
				CLANG_ENABLE_MODULES = YES;
				CLANG_ENABLE_OBJC_ARC = YES;
				CLANG_ENABLE_OBJC_WEAK = YES;
				CLANG_WARN_BLOCK_CAPTURE_AUTORELEASING = YES;
				CLANG_WARN_BOOL_CONVERSION = YES;
				CLANG_WARN_COMMA = YES;
				CLANG_WARN_CONSTANT_CONVERSION = YES;
				CLANG_WARN_DEPRECATED_OBJC_IMPLEMENTATIONS = YES;
				CLANG_WARN_DIRECT_OBJC_ISA_USAGE = YES_ERROR;
				CLANG_WARN_DOCUMENTATION_COMMENTS = YES;
				CLANG_WARN_EMPTY_BODY = YES;
				CLANG_WARN_ENUM_CONVERSION = YES;
				CLANG_WARN_INFINITE_RECURSION = YES;
				CLANG_WARN_INT_CONVERSION = YES;
				CLANG_WARN_NON_LITERAL_NULL_CONVERSION = YES;
				CLANG_WARN_OBJC_IMPLICIT_RETAIN_SELF = YES;
				CLANG_WARN_OBJC_LITERAL_CONVERSION = YES;
				CLANG_WARN_OBJC_ROOT_CLASS = YES_ERROR;
				CLANG_WARN_QUOTED_INCLUDE_IN_FRAMEWORK_HEADER = YES;
				CLANG_WARN_RANGE_LOOP_ANALYSIS = YES;
				CLANG_WARN_STRICT_PROTOTYPES = YES;
				CLANG_WARN_SUSPICIOUS_MOVE = YES;
				CLANG_WARN_UNGUARDED_AVAILABILITY = YES_AGGRESSIVE;
				CLANG_WARN_UNREACHABLE_CODE = YES;
				CLANG_WARN__DUPLICATE_METHOD_MATCH = YES;
				COPY_PHASE_STRIP = NO;
				DEBUG_INFORMATION_FORMAT = dwarf;
				ENABLE_STRICT_OBJC_MSGSEND = YES;
				ENABLE_TESTABILITY = YES;
				GCC_C_LANGUAGE_STANDARD = gnu11;
				GCC_DYNAMIC_NO_PIC = NO;
				GCC_NO_COMMON_BLOCKS = YES;
				GCC_OPTIMIZATION_LEVEL = 0;
				GCC_PREPROCESSOR_DEFINITIONS = (
					"DEBUG=1",
					"$(inherited)",
				);
				GCC_WARN_64_TO_32_BIT_CONVERSION = YES;
				GCC_WARN_ABOUT_RETURN_TYPE = YES_ERROR;
				GCC_WARN_UNDECLARED_SELECTOR = YES;
				GCC_WARN_UNINITIALIZED_AUTOS = YES_AGGRESSIVE;
				GCC_WARN_UNUSED_FUNCTION = YES;
				GCC_WARN_UNUSED_VARIABLE = YES;
				MTL_ENABLE_DEBUG_INFO = INCLUDE_SOURCE;
				MTL_FAST_MATH = YES;
				ONLY_ACTIVE_ARCH = YES;
				SWIFT_ACTIVE_COMPILATION_CONDITIONS = DEBUG;
				SWIFT_OPTIMIZATION_LEVEL = "-Onone";
			};
			name = Debug;
		};
		3A230EDC2ABF82D90072FFA0 /* Release */ = {
			isa = XCBuildConfiguration;
			buildSettings = {
				ALWAYS_SEARCH_USER_PATHS = NO;
				CLANG_ANALYZER_NONNULL = YES;
				CLANG_ANALYZER_NUMBER_OBJECT_CONVERSION = YES_AGGRESSIVE;
				CLANG_CXX_LANGUAGE_STANDARD = "gnu++20";
				CLANG_ENABLE_MODULES = YES;
				CLANG_ENABLE_OBJC_ARC = YES;
				CLANG_ENABLE_OBJC_WEAK = YES;
				CLANG_WARN_BLOCK_CAPTURE_AUTORELEASING = YES;
				CLANG_WARN_BOOL_CONVERSION = YES;
				CLANG_WARN_COMMA = YES;
				CLANG_WARN_CONSTANT_CONVERSION = YES;
				CLANG_WARN_DEPRECATED_OBJC_IMPLEMENTATIONS = YES;
				CLANG_WARN_DIRECT_OBJC_ISA_USAGE = YES_ERROR;
				CLANG_WARN_DOCUMENTATION_COMMENTS = YES;
				CLANG_WARN_EMPTY_BODY = YES;
				CLANG_WARN_ENUM_CONVERSION = YES;
				CLANG_WARN_INFINITE_RECURSION = YES;
				CLANG_WARN_INT_CONVERSION = YES;
				CLANG_WARN_NON_LITERAL_NULL_CONVERSION = YES;
				CLANG_WARN_OBJC_IMPLICIT_RETAIN_SELF = YES;
				CLANG_WARN_OBJC_LITERAL_CONVERSION = YES;
				CLANG_WARN_OBJC_ROOT_CLASS = YES_ERROR;
				CLANG_WARN_QUOTED_INCLUDE_IN_FRAMEWORK_HEADER = YES;
				CLANG_WARN_RANGE_LOOP_ANALYSIS = YES;
				CLANG_WARN_STRICT_PROTOTYPES = YES;
				CLANG_WARN_SUSPICIOUS_MOVE = YES;
				CLANG_WARN_UNGUARDED_AVAILABILITY = YES_AGGRESSIVE;
				CLANG_WARN_UNREACHABLE_CODE = YES;
				CLANG_WARN__DUPLICATE_METHOD_MATCH = YES;
				COPY_PHASE_STRIP = NO;
				DEBUG_INFORMATION_FORMAT = "dwarf-with-dsym";
				ENABLE_NS_ASSERTIONS = NO;
				ENABLE_STRICT_OBJC_MSGSEND = YES;
				GCC_C_LANGUAGE_STANDARD = gnu11;
				GCC_NO_COMMON_BLOCKS = YES;
				GCC_WARN_64_TO_32_BIT_CONVERSION = YES;
				GCC_WARN_ABOUT_RETURN_TYPE = YES_ERROR;
				GCC_WARN_UNDECLARED_SELECTOR = YES;
				GCC_WARN_UNINITIALIZED_AUTOS = YES_AGGRESSIVE;
				GCC_WARN_UNUSED_FUNCTION = YES;
				GCC_WARN_UNUSED_VARIABLE = YES;
				MTL_ENABLE_DEBUG_INFO = NO;
				MTL_FAST_MATH = YES;
				SWIFT_COMPILATION_MODE = wholemodule;
				SWIFT_OPTIMIZATION_LEVEL = "-O";
			};
			name = Release;
		};
		3A230EDE2ABF82D90072FFA0 /* Debug */ = {
			isa = XCBuildConfiguration;
			buildSettings = {
				ASSETCATALOG_COMPILER_APPICON_NAME = AppIcon;
				ASSETCATALOG_COMPILER_GLOBAL_ACCENT_COLOR_NAME = AccentColor;
				CODE_SIGN_ENTITLEMENTS = BanorteApp/BanorteApp.entitlements;
				CODE_SIGN_STYLE = Automatic;
				CURRENT_PROJECT_VERSION = 1;
				DEVELOPMENT_ASSET_PATHS = "\"BanorteApp/Preview Content\"";
				DEVELOPMENT_TEAM = 2TX9W9SS3U;
				ENABLE_HARDENED_RUNTIME = YES;
				ENABLE_PREVIEWS = YES;
				GENERATE_INFOPLIST_FILE = YES;
				"INFOPLIST_KEY_UIApplicationSceneManifest_Generation[sdk=iphoneos*]" = YES;
				"INFOPLIST_KEY_UIApplicationSceneManifest_Generation[sdk=iphonesimulator*]" = YES;
				"INFOPLIST_KEY_UIApplicationSupportsIndirectInputEvents[sdk=iphoneos*]" = YES;
				"INFOPLIST_KEY_UIApplicationSupportsIndirectInputEvents[sdk=iphonesimulator*]" = YES;
				"INFOPLIST_KEY_UILaunchScreen_Generation[sdk=iphoneos*]" = YES;
				"INFOPLIST_KEY_UILaunchScreen_Generation[sdk=iphonesimulator*]" = YES;
				"INFOPLIST_KEY_UIStatusBarStyle[sdk=iphoneos*]" = UIStatusBarStyleDefault;
				"INFOPLIST_KEY_UIStatusBarStyle[sdk=iphonesimulator*]" = UIStatusBarStyleDefault;
				INFOPLIST_KEY_UISupportedInterfaceOrientations_iPad = "UIInterfaceOrientationPortrait UIInterfaceOrientationPortraitUpsideDown UIInterfaceOrientationLandscapeLeft UIInterfaceOrientationLandscapeRight";
				INFOPLIST_KEY_UISupportedInterfaceOrientations_iPhone = "UIInterfaceOrientationPortrait UIInterfaceOrientationLandscapeLeft UIInterfaceOrientationLandscapeRight";
				IPHONEOS_DEPLOYMENT_TARGET = 16.4;
				LD_RUNPATH_SEARCH_PATHS = "@executable_path/Frameworks";
				"LD_RUNPATH_SEARCH_PATHS[sdk=macosx*]" = "@executable_path/../Frameworks";
				MACOSX_DEPLOYMENT_TARGET = 13.3;
				MARKETING_VERSION = 1.0;
				PRODUCT_BUNDLE_IDENTIFIER = "Adrian-Faz.BanorteApp";
				PRODUCT_NAME = "$(TARGET_NAME)";
				SDKROOT = auto;
				SUPPORTED_PLATFORMS = "iphoneos iphonesimulator macosx";
				SWIFT_EMIT_LOC_STRINGS = YES;
				SWIFT_VERSION = 5.0;
				TARGETED_DEVICE_FAMILY = "1,2";
			};
			name = Debug;
		};
		3A230EDF2ABF82D90072FFA0 /* Release */ = {
			isa = XCBuildConfiguration;
			buildSettings = {
				ASSETCATALOG_COMPILER_APPICON_NAME = AppIcon;
				ASSETCATALOG_COMPILER_GLOBAL_ACCENT_COLOR_NAME = AccentColor;
				CODE_SIGN_ENTITLEMENTS = BanorteApp/BanorteApp.entitlements;
				CODE_SIGN_STYLE = Automatic;
				CURRENT_PROJECT_VERSION = 1;
				DEVELOPMENT_ASSET_PATHS = "\"BanorteApp/Preview Content\"";
				DEVELOPMENT_TEAM = 2TX9W9SS3U;
				ENABLE_HARDENED_RUNTIME = YES;
				ENABLE_PREVIEWS = YES;
				GENERATE_INFOPLIST_FILE = YES;
				"INFOPLIST_KEY_UIApplicationSceneManifest_Generation[sdk=iphoneos*]" = YES;
				"INFOPLIST_KEY_UIApplicationSceneManifest_Generation[sdk=iphonesimulator*]" = YES;
				"INFOPLIST_KEY_UIApplicationSupportsIndirectInputEvents[sdk=iphoneos*]" = YES;
				"INFOPLIST_KEY_UIApplicationSupportsIndirectInputEvents[sdk=iphonesimulator*]" = YES;
				"INFOPLIST_KEY_UILaunchScreen_Generation[sdk=iphoneos*]" = YES;
				"INFOPLIST_KEY_UILaunchScreen_Generation[sdk=iphonesimulator*]" = YES;
				"INFOPLIST_KEY_UIStatusBarStyle[sdk=iphoneos*]" = UIStatusBarStyleDefault;
				"INFOPLIST_KEY_UIStatusBarStyle[sdk=iphonesimulator*]" = UIStatusBarStyleDefault;
				INFOPLIST_KEY_UISupportedInterfaceOrientations_iPad = "UIInterfaceOrientationPortrait UIInterfaceOrientationPortraitUpsideDown UIInterfaceOrientationLandscapeLeft UIInterfaceOrientationLandscapeRight";
				INFOPLIST_KEY_UISupportedInterfaceOrientations_iPhone = "UIInterfaceOrientationPortrait UIInterfaceOrientationLandscapeLeft UIInterfaceOrientationLandscapeRight";
				IPHONEOS_DEPLOYMENT_TARGET = 16.4;
				LD_RUNPATH_SEARCH_PATHS = "@executable_path/Frameworks";
				"LD_RUNPATH_SEARCH_PATHS[sdk=macosx*]" = "@executable_path/../Frameworks";
				MACOSX_DEPLOYMENT_TARGET = 13.3;
				MARKETING_VERSION = 1.0;
				PRODUCT_BUNDLE_IDENTIFIER = "Adrian-Faz.BanorteApp";
				PRODUCT_NAME = "$(TARGET_NAME)";
				SDKROOT = auto;
				SUPPORTED_PLATFORMS = "iphoneos iphonesimulator macosx";
				SWIFT_EMIT_LOC_STRINGS = YES;
				SWIFT_VERSION = 5.0;
				TARGETED_DEVICE_FAMILY = "1,2";
			};
			name = Release;
		};
		3A230EE12ABF82D90072FFA0 /* Debug */ = {
			isa = XCBuildConfiguration;
			buildSettings = {
				ALWAYS_EMBED_SWIFT_STANDARD_LIBRARIES = YES;
				BUNDLE_LOADER = "$(TEST_HOST)";
				CODE_SIGN_STYLE = Automatic;
				CURRENT_PROJECT_VERSION = 1;
				DEVELOPMENT_TEAM = 2TX9W9SS3U;
				GENERATE_INFOPLIST_FILE = YES;
				IPHONEOS_DEPLOYMENT_TARGET = 16.4;
				MACOSX_DEPLOYMENT_TARGET = 13.3;
				MARKETING_VERSION = 1.0;
				PRODUCT_BUNDLE_IDENTIFIER = "Adrian-Faz.BanorteAppTests";
				PRODUCT_NAME = "$(TARGET_NAME)";
				SDKROOT = auto;
				SUPPORTED_PLATFORMS = "iphoneos iphonesimulator macosx";
				SWIFT_EMIT_LOC_STRINGS = NO;
				SWIFT_VERSION = 5.0;
				TARGETED_DEVICE_FAMILY = "1,2";
				TEST_HOST = "$(BUILT_PRODUCTS_DIR)/BanorteApp.app/$(BUNDLE_EXECUTABLE_FOLDER_PATH)/BanorteApp";
			};
			name = Debug;
		};
		3A230EE22ABF82D90072FFA0 /* Release */ = {
			isa = XCBuildConfiguration;
			buildSettings = {
				ALWAYS_EMBED_SWIFT_STANDARD_LIBRARIES = YES;
				BUNDLE_LOADER = "$(TEST_HOST)";
				CODE_SIGN_STYLE = Automatic;
				CURRENT_PROJECT_VERSION = 1;
				DEVELOPMENT_TEAM = 2TX9W9SS3U;
				GENERATE_INFOPLIST_FILE = YES;
				IPHONEOS_DEPLOYMENT_TARGET = 16.4;
				MACOSX_DEPLOYMENT_TARGET = 13.3;
				MARKETING_VERSION = 1.0;
				PRODUCT_BUNDLE_IDENTIFIER = "Adrian-Faz.BanorteAppTests";
				PRODUCT_NAME = "$(TARGET_NAME)";
				SDKROOT = auto;
				SUPPORTED_PLATFORMS = "iphoneos iphonesimulator macosx";
				SWIFT_EMIT_LOC_STRINGS = NO;
				SWIFT_VERSION = 5.0;
				TARGETED_DEVICE_FAMILY = "1,2";
				TEST_HOST = "$(BUILT_PRODUCTS_DIR)/BanorteApp.app/$(BUNDLE_EXECUTABLE_FOLDER_PATH)/BanorteApp";
			};
			name = Release;
		};
		3A230EE42ABF82D90072FFA0 /* Debug */ = {
			isa = XCBuildConfiguration;
			buildSettings = {
				ALWAYS_EMBED_SWIFT_STANDARD_LIBRARIES = YES;
				CODE_SIGN_STYLE = Automatic;
				CURRENT_PROJECT_VERSION = 1;
				DEVELOPMENT_TEAM = 2TX9W9SS3U;
				GENERATE_INFOPLIST_FILE = YES;
				IPHONEOS_DEPLOYMENT_TARGET = 16.4;
				MACOSX_DEPLOYMENT_TARGET = 13.3;
				MARKETING_VERSION = 1.0;
				PRODUCT_BUNDLE_IDENTIFIER = "Adrian-Faz.BanorteAppUITests";
				PRODUCT_NAME = "$(TARGET_NAME)";
				SDKROOT = auto;
				SUPPORTED_PLATFORMS = "iphoneos iphonesimulator macosx";
				SWIFT_EMIT_LOC_STRINGS = NO;
				SWIFT_VERSION = 5.0;
				TARGETED_DEVICE_FAMILY = "1,2";
				TEST_TARGET_NAME = BanorteApp;
			};
			name = Debug;
		};
		3A230EE52ABF82D90072FFA0 /* Release */ = {
			isa = XCBuildConfiguration;
			buildSettings = {
				ALWAYS_EMBED_SWIFT_STANDARD_LIBRARIES = YES;
				CODE_SIGN_STYLE = Automatic;
				CURRENT_PROJECT_VERSION = 1;
				DEVELOPMENT_TEAM = 2TX9W9SS3U;
				GENERATE_INFOPLIST_FILE = YES;
				IPHONEOS_DEPLOYMENT_TARGET = 16.4;
				MACOSX_DEPLOYMENT_TARGET = 13.3;
				MARKETING_VERSION = 1.0;
				PRODUCT_BUNDLE_IDENTIFIER = "Adrian-Faz.BanorteAppUITests";
				PRODUCT_NAME = "$(TARGET_NAME)";
				SDKROOT = auto;
				SUPPORTED_PLATFORMS = "iphoneos iphonesimulator macosx";
				SWIFT_EMIT_LOC_STRINGS = NO;
				SWIFT_VERSION = 5.0;
				TARGETED_DEVICE_FAMILY = "1,2";
				TEST_TARGET_NAME = BanorteApp;
			};
			name = Release;
		};
/* End XCBuildConfiguration section */

/* Begin XCConfigurationList section */
		3A230EB32ABF82D80072FFA0 /* Build configuration list for PBXProject "BanorteApp" */ = {
			isa = XCConfigurationList;
			buildConfigurations = (
				3A230EDB2ABF82D90072FFA0 /* Debug */,
				3A230EDC2ABF82D90072FFA0 /* Release */,
			);
			defaultConfigurationIsVisible = 0;
			defaultConfigurationName = Release;
		};
		3A230EDD2ABF82D90072FFA0 /* Build configuration list for PBXNativeTarget "BanorteApp" */ = {
			isa = XCConfigurationList;
			buildConfigurations = (
				3A230EDE2ABF82D90072FFA0 /* Debug */,
				3A230EDF2ABF82D90072FFA0 /* Release */,
			);
			defaultConfigurationIsVisible = 0;
			defaultConfigurationName = Release;
		};
		3A230EE02ABF82D90072FFA0 /* Build configuration list for PBXNativeTarget "BanorteAppTests" */ = {
			isa = XCConfigurationList;
			buildConfigurations = (
				3A230EE12ABF82D90072FFA0 /* Debug */,
				3A230EE22ABF82D90072FFA0 /* Release */,
			);
			defaultConfigurationIsVisible = 0;
			defaultConfigurationName = Release;
		};
		3A230EE32ABF82D90072FFA0 /* Build configuration list for PBXNativeTarget "BanorteAppUITests" */ = {
			isa = XCConfigurationList;
			buildConfigurations = (
				3A230EE42ABF82D90072FFA0 /* Debug */,
				3A230EE52ABF82D90072FFA0 /* Release */,
			);
			defaultConfigurationIsVisible = 0;
			defaultConfigurationName = Release;
		};
/* End XCConfigurationList section */
	};
	rootObject = 3A230EB02ABF82D80072FFA0 /* Project object */;
}
